
Microsoft Visual Studio Solution File, Format Version 12.00
# Visual Studio 15
VisualStudioVersion = 15.0.27428.2037
MinimumVisualStudioVersion = 10.0.40219.1
Project("{2150E333-8FDC-42A3-9474-1A3956D46DE8}") = "Source", "Source", "{977DF40C-621E-4EC6-94EC-EAE3F4780151}"
EndProject
Project("{2150E333-8FDC-42A3-9474-1A3956D46DE8}") = "DAL", "DAL", "{99A9B622-04D2-43F1-9CAF-482BEBFE8F0D}"
EndProject
Project("{2150E333-8FDC-42A3-9474-1A3956D46DE8}") = "WCF", "WCF", "{3F5A565F-B896-4EEB-A4AD-E2F5CC4DC104}"
EndProject
Project("{2150E333-8FDC-42A3-9474-1A3956D46DE8}") = "Clients", "Clients", "{998BA1CD-AD47-4D16-8302-960B9CCE19E8}"
EndProject
Project("{FAE04EC0-301F-11D3-BF4B-00C04F79EFBC}") = "Magazine.Client.Wpf", "Source\Magazine.Client.Wpf\Magazine.Client.Wpf.csproj", "{9CA894C7-0438-496C-981A-15953F9D5EC6}"
EndProject
Project("{FAE04EC0-301F-11D3-BF4B-00C04F79EFBC}") = "Magazine.DAL.Core", "Source\Magazine.DAL.Core\Magazine.DAL.Core.csproj", "{10FC9D57-695D-4A05-A488-051751D5870E}"
EndProject
Project("{FAE04EC0-301F-11D3-BF4B-00C04F79EFBC}") = "Magazine.DAL.TestRepositories", "Source\Magazine.DAL.TestRepositories\Magazine.DAL.TestRepositories.csproj", "{3CA1B50B-EE99-4009-9A26-9E9084E7D138}"
EndProject
Project("{FAE04EC0-301F-11D3-BF4B-00C04F79EFBC}") = "Magazine.WCF.Service", "Source\Magazine.WCF.Service\Magazine.WCF.Service.csproj", "{CEB8425D-AE81-4E04-A522-0048EA52AE8F}"
EndProject
Project("{FAE04EC0-301F-11D3-BF4B-00C04F79EFBC}") = "Magazine.WCF.Host", "Source\Magazine.WCF.Host\Magazine.WCF.Host.csproj", "{9348E15C-658F-478A-B941-2BC48473E824}"
EndProject
Project("{FAE04EC0-301F-11D3-BF4B-00C04F79EFBC}") = "Magazine.Client.ConsoleApp", "Source\Magazine.Client.ConsoleApp\Magazine.Client.ConsoleApp.csproj", "{B5C9AEB7-C91A-49F4-9048-CB0A7DFB81AE}"
EndProject
Project("{2150E333-8FDC-42A3-9474-1A3956D46DE8}") = "Solution Items", "Solution Items", "{CA372075-AB5D-4B8D-A620-78B10784BE54}"
	ProjectSection(SolutionItems) = preProject
		Readme.md = Readme.md
	EndProjectSection
EndProject
Global
	GlobalSection(SolutionConfigurationPlatforms) = preSolution
		Debug|Any CPU = Debug|Any CPU
		Debug|ARM = Debug|ARM
		Debug|x64 = Debug|x64
		Debug|x86 = Debug|x86
		Release|Any CPU = Release|Any CPU
		Release|ARM = Release|ARM
		Release|x64 = Release|x64
		Release|x86 = Release|x86
	EndGlobalSection
	GlobalSection(ProjectConfigurationPlatforms) = postSolution
		{9CA894C7-0438-496C-981A-15953F9D5EC6}.Debug|Any CPU.ActiveCfg = Debug|Any CPU
		{9CA894C7-0438-496C-981A-15953F9D5EC6}.Debug|Any CPU.Build.0 = Debug|Any CPU
		{9CA894C7-0438-496C-981A-15953F9D5EC6}.Debug|ARM.ActiveCfg = Debug|Any CPU
		{9CA894C7-0438-496C-981A-15953F9D5EC6}.Debug|ARM.Build.0 = Debug|Any CPU
		{9CA894C7-0438-496C-981A-15953F9D5EC6}.Debug|x64.ActiveCfg = Debug|Any CPU
		{9CA894C7-0438-496C-981A-15953F9D5EC6}.Debug|x64.Build.0 = Debug|Any CPU
		{9CA894C7-0438-496C-981A-15953F9D5EC6}.Debug|x86.ActiveCfg = Debug|Any CPU
		{9CA894C7-0438-496C-981A-15953F9D5EC6}.Debug|x86.Build.0 = Debug|Any CPU
		{9CA894C7-0438-496C-981A-15953F9D5EC6}.Release|Any CPU.ActiveCfg = Release|Any CPU
		{9CA894C7-0438-496C-981A-15953F9D5EC6}.Release|Any CPU.Build.0 = Release|Any CPU
		{9CA894C7-0438-496C-981A-15953F9D5EC6}.Release|ARM.ActiveCfg = Release|Any CPU
		{9CA894C7-0438-496C-981A-15953F9D5EC6}.Release|ARM.Build.0 = Release|Any CPU
		{9CA894C7-0438-496C-981A-15953F9D5EC6}.Release|x64.ActiveCfg = Release|Any CPU
		{9CA894C7-0438-496C-981A-15953F9D5EC6}.Release|x64.Build.0 = Release|Any CPU
		{9CA894C7-0438-496C-981A-15953F9D5EC6}.Release|x86.ActiveCfg = Release|Any CPU
		{9CA894C7-0438-496C-981A-15953F9D5EC6}.Release|x86.Build.0 = Release|Any CPU
		{10FC9D57-695D-4A05-A488-051751D5870E}.Debug|Any CPU.ActiveCfg = Debug|Any CPU
		{10FC9D57-695D-4A05-A488-051751D5870E}.Debug|Any CPU.Build.0 = Debug|Any CPU
		{10FC9D57-695D-4A05-A488-051751D5870E}.Debug|ARM.ActiveCfg = Debug|Any CPU
		{10FC9D57-695D-4A05-A488-051751D5870E}.Debug|ARM.Build.0 = Debug|Any CPU
		{10FC9D57-695D-4A05-A488-051751D5870E}.Debug|x64.ActiveCfg = Debug|Any CPU
		{10FC9D57-695D-4A05-A488-051751D5870E}.Debug|x64.Build.0 = Debug|Any CPU
		{10FC9D57-695D-4A05-A488-051751D5870E}.Debug|x86.ActiveCfg = Debug|Any CPU
		{10FC9D57-695D-4A05-A488-051751D5870E}.Debug|x86.Build.0 = Debug|Any CPU
		{10FC9D57-695D-4A05-A488-051751D5870E}.Release|Any CPU.ActiveCfg = Release|Any CPU
		{10FC9D57-695D-4A05-A488-051751D5870E}.Release|Any CPU.Build.0 = Release|Any CPU
		{10FC9D57-695D-4A05-A488-051751D5870E}.Release|ARM.ActiveCfg = Release|Any CPU
		{10FC9D57-695D-4A05-A488-051751D5870E}.Release|ARM.Build.0 = Release|Any CPU
		{10FC9D57-695D-4A05-A488-051751D5870E}.Release|x64.ActiveCfg = Release|Any CPU
		{10FC9D57-695D-4A05-A488-051751D5870E}.Release|x64.Build.0 = Release|Any CPU
		{10FC9D57-695D-4A05-A488-051751D5870E}.Release|x86.ActiveCfg = Release|Any CPU
		{10FC9D57-695D-4A05-A488-051751D5870E}.Release|x86.Build.0 = Release|Any CPU
		{3CA1B50B-EE99-4009-9A26-9E9084E7D138}.Debug|Any CPU.ActiveCfg = Debug|Any CPU
		{3CA1B50B-EE99-4009-9A26-9E9084E7D138}.Debug|Any CPU.Build.0 = Debug|Any CPU
		{3CA1B50B-EE99-4009-9A26-9E9084E7D138}.Debug|ARM.ActiveCfg = Debug|Any CPU
		{3CA1B50B-EE99-4009-9A26-9E9084E7D138}.Debug|ARM.Build.0 = Debug|Any CPU
		{3CA1B50B-EE99-4009-9A26-9E9084E7D138}.Debug|x64.ActiveCfg = Debug|Any CPU
		{3CA1B50B-EE99-4009-9A26-9E9084E7D138}.Debug|x64.Build.0 = Debug|Any CPU
		{3CA1B50B-EE99-4009-9A26-9E9084E7D138}.Debug|x86.ActiveCfg = Debug|Any CPU
		{3CA1B50B-EE99-4009-9A26-9E9084E7D138}.Debug|x86.Build.0 = Debug|Any CPU
		{3CA1B50B-EE99-4009-9A26-9E9084E7D138}.Release|Any CPU.ActiveCfg = Release|Any CPU
		{3CA1B50B-EE99-4009-9A26-9E9084E7D138}.Release|Any CPU.Build.0 = Release|Any CPU
		{3CA1B50B-EE99-4009-9A26-9E9084E7D138}.Release|ARM.ActiveCfg = Release|Any CPU
		{3CA1B50B-EE99-4009-9A26-9E9084E7D138}.Release|ARM.Build.0 = Release|Any CPU
		{3CA1B50B-EE99-4009-9A26-9E9084E7D138}.Release|x64.ActiveCfg = Release|Any CPU
		{3CA1B50B-EE99-4009-9A26-9E9084E7D138}.Release|x64.Build.0 = Release|Any CPU
		{3CA1B50B-EE99-4009-9A26-9E9084E7D138}.Release|x86.ActiveCfg = Release|Any CPU
		{3CA1B50B-EE99-4009-9A26-9E9084E7D138}.Release|x86.Build.0 = Release|Any CPU
		{CEB8425D-AE81-4E04-A522-0048EA52AE8F}.Debug|Any CPU.ActiveCfg = Debug|Any CPU
		{CEB8425D-AE81-4E04-A522-0048EA52AE8F}.Debug|Any CPU.Build.0 = Debug|Any CPU
		{CEB8425D-AE81-4E04-A522-0048EA52AE8F}.Debug|ARM.ActiveCfg = Debug|Any CPU
		{CEB8425D-AE81-4E04-A522-0048EA52AE8F}.Debug|ARM.Build.0 = Debug|Any CPU
		{CEB8425D-AE81-4E04-A522-0048EA52AE8F}.Debug|x64.ActiveCfg = Debug|Any CPU
		{CEB8425D-AE81-4E04-A522-0048EA52AE8F}.Debug|x64.Build.0 = Debug|Any CPU
		{CEB8425D-AE81-4E04-A522-0048EA52AE8F}.Debug|x86.ActiveCfg = Debug|Any CPU
		{CEB8425D-AE81-4E04-A522-0048EA52AE8F}.Debug|x86.Build.0 = Debug|Any CPU
		{CEB8425D-AE81-4E04-A522-0048EA52AE8F}.Release|Any CPU.ActiveCfg = Release|Any CPU
		{CEB8425D-AE81-4E04-A522-0048EA52AE8F}.Release|Any CPU.Build.0 = Release|Any CPU
		{CEB8425D-AE81-4E04-A522-0048EA52AE8F}.Release|ARM.ActiveCfg = Release|Any CPU
		{CEB8425D-AE81-4E04-A522-0048EA52AE8F}.Release|ARM.Build.0 = Release|Any CPU
		{CEB8425D-AE81-4E04-A522-0048EA52AE8F}.Release|x64.ActiveCfg = Release|Any CPU
		{CEB8425D-AE81-4E04-A522-0048EA52AE8F}.Release|x64.Build.0 = Release|Any CPU
		{CEB8425D-AE81-4E04-A522-0048EA52AE8F}.Release|x86.ActiveCfg = Release|Any CPU
		{CEB8425D-AE81-4E04-A522-0048EA52AE8F}.Release|x86.Build.0 = Release|Any CPU
		{9348E15C-658F-478A-B941-2BC48473E824}.Debug|Any CPU.ActiveCfg = Debug|Any CPU
		{9348E15C-658F-478A-B941-2BC48473E824}.Debug|Any CPU.Build.0 = Debug|Any CPU
		{9348E15C-658F-478A-B941-2BC48473E824}.Debug|ARM.ActiveCfg = Debug|Any CPU
		{9348E15C-658F-478A-B941-2BC48473E824}.Debug|ARM.Build.0 = Debug|Any CPU
		{9348E15C-658F-478A-B941-2BC48473E824}.Debug|x64.ActiveCfg = Debug|Any CPU
		{9348E15C-658F-478A-B941-2BC48473E824}.Debug|x64.Build.0 = Debug|Any CPU
		{9348E15C-658F-478A-B941-2BC48473E824}.Debug|x86.ActiveCfg = Debug|Any CPU
		{9348E15C-658F-478A-B941-2BC48473E824}.Debug|x86.Build.0 = Debug|Any CPU
		{9348E15C-658F-478A-B941-2BC48473E824}.Release|Any CPU.ActiveCfg = Release|Any CPU
		{9348E15C-658F-478A-B941-2BC48473E824}.Release|Any CPU.Build.0 = Release|Any CPU
		{9348E15C-658F-478A-B941-2BC48473E824}.Release|ARM.ActiveCfg = Release|Any CPU
		{9348E15C-658F-478A-B941-2BC48473E824}.Release|ARM.Build.0 = Release|Any CPU
		{9348E15C-658F-478A-B941-2BC48473E824}.Release|x64.ActiveCfg = Release|Any CPU
		{9348E15C-658F-478A-B941-2BC48473E824}.Release|x64.Build.0 = Release|Any CPU
		{9348E15C-658F-478A-B941-2BC48473E824}.Release|x86.ActiveCfg = Release|Any CPU
		{9348E15C-658F-478A-B941-2BC48473E824}.Release|x86.Build.0 = Release|Any CPU
		{B5C9AEB7-C91A-49F4-9048-CB0A7DFB81AE}.Debug|Any CPU.ActiveCfg = Debug|Any CPU
		{B5C9AEB7-C91A-49F4-9048-CB0A7DFB81AE}.Debug|Any CPU.Build.0 = Debug|Any CPU
		{B5C9AEB7-C91A-49F4-9048-CB0A7DFB81AE}.Debug|ARM.ActiveCfg = Debug|Any CPU
		{B5C9AEB7-C91A-49F4-9048-CB0A7DFB81AE}.Debug|ARM.Build.0 = Debug|Any CPU
		{B5C9AEB7-C91A-49F4-9048-CB0A7DFB81AE}.Debug|x64.ActiveCfg = Debug|Any CPU
		{B5C9AEB7-C91A-49F4-9048-CB0A7DFB81AE}.Debug|x64.Build.0 = Debug|Any CPU
		{B5C9AEB7-C91A-49F4-9048-CB0A7DFB81AE}.Debug|x86.ActiveCfg = Debug|Any CPU
		{B5C9AEB7-C91A-49F4-9048-CB0A7DFB81AE}.Debug|x86.Build.0 = Debug|Any CPU
		{B5C9AEB7-C91A-49F4-9048-CB0A7DFB81AE}.Release|Any CPU.ActiveCfg = Release|Any CPU
		{B5C9AEB7-C91A-49F4-9048-CB0A7DFB81AE}.Release|Any CPU.Build.0 = Release|Any CPU
		{B5C9AEB7-C91A-49F4-9048-CB0A7DFB81AE}.Release|ARM.ActiveCfg = Release|Any CPU
		{B5C9AEB7-C91A-49F4-9048-CB0A7DFB81AE}.Release|ARM.Build.0 = Release|Any CPU
		{B5C9AEB7-C91A-49F4-9048-CB0A7DFB81AE}.Release|x64.ActiveCfg = Release|Any CPU
		{B5C9AEB7-C91A-49F4-9048-CB0A7DFB81AE}.Release|x64.Build.0 = Release|Any CPU
		{B5C9AEB7-C91A-49F4-9048-CB0A7DFB81AE}.Release|x86.ActiveCfg = Release|Any CPU
		{B5C9AEB7-C91A-49F4-9048-CB0A7DFB81AE}.Release|x86.Build.0 = Release|Any CPU
	EndGlobalSection
	GlobalSection(SolutionProperties) = preSolution
		HideSolutionNode = FALSE
	EndGlobalSection
	GlobalSection(NestedProjects) = preSolution
		{99A9B622-04D2-43F1-9CAF-482BEBFE8F0D} = {977DF40C-621E-4EC6-94EC-EAE3F4780151}
		{3F5A565F-B896-4EEB-A4AD-E2F5CC4DC104} = {977DF40C-621E-4EC6-94EC-EAE3F4780151}
		{998BA1CD-AD47-4D16-8302-960B9CCE19E8} = {977DF40C-621E-4EC6-94EC-EAE3F4780151}
		{9CA894C7-0438-496C-981A-15953F9D5EC6} = {998BA1CD-AD47-4D16-8302-960B9CCE19E8}
		{10FC9D57-695D-4A05-A488-051751D5870E} = {99A9B622-04D2-43F1-9CAF-482BEBFE8F0D}
		{3CA1B50B-EE99-4009-9A26-9E9084E7D138} = {99A9B622-04D2-43F1-9CAF-482BEBFE8F0D}
		{CEB8425D-AE81-4E04-A522-0048EA52AE8F} = {3F5A565F-B896-4EEB-A4AD-E2F5CC4DC104}
		{9348E15C-658F-478A-B941-2BC48473E824} = {3F5A565F-B896-4EEB-A4AD-E2F5CC4DC104}
		{B5C9AEB7-C91A-49F4-9048-CB0A7DFB81AE} = {998BA1CD-AD47-4D16-8302-960B9CCE19E8}
	EndGlobalSection
	GlobalSection(ExtensibilityGlobals) = postSolution
		SolutionGuid = {44C78BDE-787C-434E-B575-5843AD8B0AF3}
	EndGlobalSection
EndGlobal
